
Microsoft Visual Studio Solution File, Format Version 12.00
# Visual Studio Version 17
VisualStudioVersion = 17.4.33122.133
MinimumVisualStudioVersion = 10.0.40219.1
Project("{FAE04EC0-301F-11D3-BF4B-00C04F79EFBC}") = "Fullstack.API", "Fullstack.API\Fullstack.API.csproj", "{89BD57CD-9D14-420B-8659-47342A466943}"
EndProject
Global
	GlobalSection(SolutionConfigurationPlatforms) = preSolution
		Debug|Any CPU = Debug|Any CPU
		Release|Any CPU = Release|Any CPU
	EndGlobalSection
	GlobalSection(ProjectConfigurationPlatforms) = postSolution
		{89BD57CD-9D14-420B-8659-47342A466943}.Debug|Any CPU.ActiveCfg = Debug|Any CPU
		{89BD57CD-9D14-420B-8659-47342A466943}.Debug|Any CPU.Build.0 = Debug|Any CPU
		{89BD57CD-9D14-420B-8659-47342A466943}.Release|Any CPU.ActiveCfg = Release|Any CPU
		{89BD57CD-9D14-420B-8659-47342A466943}.Release|Any CPU.Build.0 = Release|Any CPU
	EndGlobalSection
	GlobalSection(SolutionProperties) = preSolution
		HideSolutionNode = FALSE
	EndGlobalSection
	GlobalSection(ExtensibilityGlobals) = postSolution
		SolutionGuid = {17C73962-9517-43D4-9E08-8F922888BA30}
	EndGlobalSection
EndGlobal
